
Microsoft Visual Studio Solution File, Format Version 12.00
# Visual Studio Version 17
VisualStudioVersion = 17.1.32328.378
MinimumVisualStudioVersion = 10.0.40219.1
Project("{FAE04EC0-301F-11D3-BF4B-00C04F79EFBC}") = "ConsoleApp", "ConsoleApp\ConsoleApp.csproj", "{2C728B1C-98D4-48D9-876D-2BC831317403}"
EndProject
Project("{FAE04EC0-301F-11D3-BF4B-00C04F79EFBC}") = "WebApi", "WebApi\WebApi.csproj", "{B393F1E3-0399-42CC-8F2A-DE2D3963F2C1}"
EndProject
Project("{FAE04EC0-301F-11D3-BF4B-00C04F79EFBC}") = "Common", "Common\Common.csproj", "{92BDF1BA-739C-4237-8764-89F9D20BDEAA}"
EndProject
Global
	GlobalSection(SolutionConfigurationPlatforms) = preSolution
		Debug|Any CPU = Debug|Any CPU
		Release|Any CPU = Release|Any CPU
	EndGlobalSection
	GlobalSection(ProjectConfigurationPlatforms) = postSolution
		{2C728B1C-98D4-48D9-876D-2BC831317403}.Debug|Any CPU.ActiveCfg = Debug|Any CPU
		{2C728B1C-98D4-48D9-876D-2BC831317403}.Debug|Any CPU.Build.0 = Debug|Any CPU
		{2C728B1C-98D4-48D9-876D-2BC831317403}.Release|Any CPU.ActiveCfg = Release|Any CPU
		{2C728B1C-98D4-48D9-876D-2BC831317403}.Release|Any CPU.Build.0 = Release|Any CPU
		{B393F1E3-0399-42CC-8F2A-DE2D3963F2C1}.Debug|Any CPU.ActiveCfg = Debug|Any CPU
		{B393F1E3-0399-42CC-8F2A-DE2D3963F2C1}.Debug|Any CPU.Build.0 = Debug|Any CPU
		{B393F1E3-0399-42CC-8F2A-DE2D3963F2C1}.Release|Any CPU.ActiveCfg = Release|Any CPU
		{B393F1E3-0399-42CC-8F2A-DE2D3963F2C1}.Release|Any CPU.Build.0 = Release|Any CPU
		{92BDF1BA-739C-4237-8764-89F9D20BDEAA}.Debug|Any CPU.ActiveCfg = Debug|Any CPU
		{92BDF1BA-739C-4237-8764-89F9D20BDEAA}.Debug|Any CPU.Build.0 = Debug|Any CPU
		{92BDF1BA-739C-4237-8764-89F9D20BDEAA}.Release|Any CPU.ActiveCfg = Release|Any CPU
		{92BDF1BA-739C-4237-8764-89F9D20BDEAA}.Release|Any CPU.Build.0 = Release|Any CPU
	EndGlobalSection
	GlobalSection(SolutionProperties) = preSolution
		HideSolutionNode = FALSE
	EndGlobalSection
	GlobalSection(ExtensibilityGlobals) = postSolution
		SolutionGuid = {E5C05D39-B615-4595-830D-F0F25645D06D}
	EndGlobalSection
EndGlobal
